
Microsoft Visual Studio Solution File, Format Version 12.00
# Visual Studio Version 16
VisualStudioVersion = 16.0.29209.62
MinimumVisualStudioVersion = 10.0.40219.1
Project("{FAE04EC0-301F-11D3-BF4B-00C04F79EFBC}") = "Practica 3", "Practica 3\Practica 3.csproj", "{B39397E0-FB97-48BA-82AE-1CD7C0634A6C}"
EndProject
Global
	GlobalSection(SolutionConfigurationPlatforms) = preSolution
		Debug|Any CPU = Debug|Any CPU
		Release|Any CPU = Release|Any CPU
	EndGlobalSection
	GlobalSection(ProjectConfigurationPlatforms) = postSolution
		{B39397E0-FB97-48BA-82AE-1CD7C0634A6C}.Debug|Any CPU.ActiveCfg = Debug|Any CPU
		{B39397E0-FB97-48BA-82AE-1CD7C0634A6C}.Debug|Any CPU.Build.0 = Debug|Any CPU
		{B39397E0-FB97-48BA-82AE-1CD7C0634A6C}.Release|Any CPU.ActiveCfg = Release|Any CPU
		{B39397E0-FB97-48BA-82AE-1CD7C0634A6C}.Release|Any CPU.Build.0 = Release|Any CPU
	EndGlobalSection
	GlobalSection(SolutionProperties) = preSolution
		HideSolutionNode = FALSE
	EndGlobalSection
	GlobalSection(ExtensibilityGlobals) = postSolution
		SolutionGuid = {8F378BF7-5FE2-409B-BBD7-DC53407BBEBF}
	EndGlobalSection
EndGlobal
